
Microsoft Visual Studio Solution File, Format Version 12.00
# Visual Studio Version 17
VisualStudioVersion = 17.3.32901.215
MinimumVisualStudioVersion = 10.0.40219.1
Project("{9A19103F-16F7-4668-BE54-9A1E7A4F7556}") = "HW_3_1_Chernysh", "HW_3_1_Chernysh\HW_3_1_Chernysh.csproj", "{316D9E4E-1163-4A44-975D-44B20713CFCA}"
EndProject
Global
	GlobalSection(SolutionConfigurationPlatforms) = preSolution
		Debug|Any CPU = Debug|Any CPU
		Release|Any CPU = Release|Any CPU
	EndGlobalSection
	GlobalSection(ProjectConfigurationPlatforms) = postSolution
		{316D9E4E-1163-4A44-975D-44B20713CFCA}.Debug|Any CPU.ActiveCfg = Debug|Any CPU
		{316D9E4E-1163-4A44-975D-44B20713CFCA}.Debug|Any CPU.Build.0 = Debug|Any CPU
		{316D9E4E-1163-4A44-975D-44B20713CFCA}.Release|Any CPU.ActiveCfg = Release|Any CPU
		{316D9E4E-1163-4A44-975D-44B20713CFCA}.Release|Any CPU.Build.0 = Release|Any CPU
	EndGlobalSection
	GlobalSection(SolutionProperties) = preSolution
		HideSolutionNode = FALSE
	EndGlobalSection
	GlobalSection(ExtensibilityGlobals) = postSolution
		SolutionGuid = {CB47CAB7-E528-4809-9249-F4AE63B325C0}
	EndGlobalSection
EndGlobal
