
Microsoft Visual Studio Solution File, Format Version 12.00
# Visual Studio Version 17
VisualStudioVersion = 17.3.32901.215
MinimumVisualStudioVersion = 10.0.40219.1
Project("{9A19103F-16F7-4668-BE54-9A1E7A4F7556}") = "HW_3_5_Chernysh", "HW_3_5_Chernysh\HW_3_5_Chernysh.csproj", "{775E6B4C-9401-4F68-B447-9710AB3897AB}"
EndProject
Project("{FAE04EC0-301F-11D3-BF4B-00C04F79EFBC}") = "Task2", "Task2\Task2.csproj", "{18334AFA-D8B1-4436-BC5B-C63F3A497FED}"
EndProject
Global
	GlobalSection(SolutionConfigurationPlatforms) = preSolution
		Debug|Any CPU = Debug|Any CPU
		Release|Any CPU = Release|Any CPU
	EndGlobalSection
	GlobalSection(ProjectConfigurationPlatforms) = postSolution
		{775E6B4C-9401-4F68-B447-9710AB3897AB}.Debug|Any CPU.ActiveCfg = Debug|Any CPU
		{775E6B4C-9401-4F68-B447-9710AB3897AB}.Debug|Any CPU.Build.0 = Debug|Any CPU
		{775E6B4C-9401-4F68-B447-9710AB3897AB}.Release|Any CPU.ActiveCfg = Release|Any CPU
		{775E6B4C-9401-4F68-B447-9710AB3897AB}.Release|Any CPU.Build.0 = Release|Any CPU
		{18334AFA-D8B1-4436-BC5B-C63F3A497FED}.Debug|Any CPU.ActiveCfg = Debug|Any CPU
		{18334AFA-D8B1-4436-BC5B-C63F3A497FED}.Debug|Any CPU.Build.0 = Debug|Any CPU
		{18334AFA-D8B1-4436-BC5B-C63F3A497FED}.Release|Any CPU.ActiveCfg = Release|Any CPU
		{18334AFA-D8B1-4436-BC5B-C63F3A497FED}.Release|Any CPU.Build.0 = Release|Any CPU
	EndGlobalSection
	GlobalSection(SolutionProperties) = preSolution
		HideSolutionNode = FALSE
	EndGlobalSection
	GlobalSection(ExtensibilityGlobals) = postSolution
		SolutionGuid = {AD26575F-B263-4C83-96E3-A5E809FC11C0}
	EndGlobalSection
EndGlobal
