
Microsoft Visual Studio Solution File, Format Version 12.00
# Visual Studio Version 17
VisualStudioVersion = 17.4.33213.308
MinimumVisualStudioVersion = 10.0.40219.1
Project("{9A19103F-16F7-4668-BE54-9A1E7A4F7556}") = "HW_6_1_Chernysh", "HW_6_1_Chernysh\HW_6_1_Chernysh.csproj", "{E8BF6ED5-7614-41F1-87D3-3697CBF96476}"
EndProject
Project("{9A19103F-16F7-4668-BE54-9A1E7A4F7556}") = "Credentials.Identity", "..\Credentials.Identity\Credentials.Identity.csproj", "{AEEF63D9-6F1B-4A34-9E79-6E93C309EC9A}"
EndProject
Global
	GlobalSection(SolutionConfigurationPlatforms) = preSolution
		Debug|Any CPU = Debug|Any CPU
		Release|Any CPU = Release|Any CPU
	EndGlobalSection
	GlobalSection(ProjectConfigurationPlatforms) = postSolution
		{E8BF6ED5-7614-41F1-87D3-3697CBF96476}.Debug|Any CPU.ActiveCfg = Debug|Any CPU
		{E8BF6ED5-7614-41F1-87D3-3697CBF96476}.Debug|Any CPU.Build.0 = Debug|Any CPU
		{E8BF6ED5-7614-41F1-87D3-3697CBF96476}.Release|Any CPU.ActiveCfg = Release|Any CPU
		{E8BF6ED5-7614-41F1-87D3-3697CBF96476}.Release|Any CPU.Build.0 = Release|Any CPU
		{AEEF63D9-6F1B-4A34-9E79-6E93C309EC9A}.Debug|Any CPU.ActiveCfg = Debug|Any CPU
		{AEEF63D9-6F1B-4A34-9E79-6E93C309EC9A}.Debug|Any CPU.Build.0 = Debug|Any CPU
		{AEEF63D9-6F1B-4A34-9E79-6E93C309EC9A}.Release|Any CPU.ActiveCfg = Release|Any CPU
		{AEEF63D9-6F1B-4A34-9E79-6E93C309EC9A}.Release|Any CPU.Build.0 = Release|Any CPU
	EndGlobalSection
	GlobalSection(SolutionProperties) = preSolution
		HideSolutionNode = FALSE
	EndGlobalSection
	GlobalSection(ExtensibilityGlobals) = postSolution
		SolutionGuid = {03742546-AAC0-4517-A56C-D858502B3373}
	EndGlobalSection
EndGlobal
