
Microsoft Visual Studio Solution File, Format Version 12.00
# Visual Studio Version 17
VisualStudioVersion = 17.3.32901.215
MinimumVisualStudioVersion = 10.0.40219.1
Project("{9A19103F-16F7-4668-BE54-9A1E7A4F7556}") = "LinkedList", "HW3_2_Chernysh\LinkedList.csproj", "{CE311491-EB17-476A-B1C8-39E5E7E9FC51}"
EndProject
Project("{9A19103F-16F7-4668-BE54-9A1E7A4F7556}") = "BinaryTree", "BinaryTree\BinaryTree.csproj", "{5E8A6D7C-EE80-44A3-BBE8-D2CE04F9C38B}"
EndProject
Global
	GlobalSection(SolutionConfigurationPlatforms) = preSolution
		Debug|Any CPU = Debug|Any CPU
		Release|Any CPU = Release|Any CPU
	EndGlobalSection
	GlobalSection(ProjectConfigurationPlatforms) = postSolution
		{CE311491-EB17-476A-B1C8-39E5E7E9FC51}.Debug|Any CPU.ActiveCfg = Debug|Any CPU
		{CE311491-EB17-476A-B1C8-39E5E7E9FC51}.Debug|Any CPU.Build.0 = Debug|Any CPU
		{CE311491-EB17-476A-B1C8-39E5E7E9FC51}.Release|Any CPU.ActiveCfg = Release|Any CPU
		{CE311491-EB17-476A-B1C8-39E5E7E9FC51}.Release|Any CPU.Build.0 = Release|Any CPU
		{5E8A6D7C-EE80-44A3-BBE8-D2CE04F9C38B}.Debug|Any CPU.ActiveCfg = Debug|Any CPU
		{5E8A6D7C-EE80-44A3-BBE8-D2CE04F9C38B}.Debug|Any CPU.Build.0 = Debug|Any CPU
		{5E8A6D7C-EE80-44A3-BBE8-D2CE04F9C38B}.Release|Any CPU.ActiveCfg = Release|Any CPU
		{5E8A6D7C-EE80-44A3-BBE8-D2CE04F9C38B}.Release|Any CPU.Build.0 = Release|Any CPU
	EndGlobalSection
	GlobalSection(SolutionProperties) = preSolution
		HideSolutionNode = FALSE
	EndGlobalSection
	GlobalSection(ExtensibilityGlobals) = postSolution
		SolutionGuid = {B74B9D88-3434-446A-927A-04894B071E0A}
	EndGlobalSection
EndGlobal
