
Microsoft Visual Studio Solution File, Format Version 12.00
# Visual Studio Version 17
VisualStudioVersion = 17.3.32929.385
MinimumVisualStudioVersion = 10.0.40219.1
Project("{FAE04EC0-301F-11D3-BF4B-00C04F79EFBC}") = "Credentials.Identity", "Credentials.Identity.csproj", "{A15677C1-1234-45B7-9364-D3A354DF5603}"
EndProject
Global
	GlobalSection(SolutionConfigurationPlatforms) = preSolution
		Debug|Any CPU = Debug|Any CPU
		Release|Any CPU = Release|Any CPU
	EndGlobalSection
	GlobalSection(ProjectConfigurationPlatforms) = postSolution
		{A15677C1-1234-45B7-9364-D3A354DF5603}.Debug|Any CPU.ActiveCfg = Debug|Any CPU
		{A15677C1-1234-45B7-9364-D3A354DF5603}.Debug|Any CPU.Build.0 = Debug|Any CPU
		{A15677C1-1234-45B7-9364-D3A354DF5603}.Release|Any CPU.ActiveCfg = Release|Any CPU
		{A15677C1-1234-45B7-9364-D3A354DF5603}.Release|Any CPU.Build.0 = Release|Any CPU
	EndGlobalSection
	GlobalSection(SolutionProperties) = preSolution
		HideSolutionNode = FALSE
	EndGlobalSection
	GlobalSection(ExtensibilityGlobals) = postSolution
		SolutionGuid = {C57E1509-C169-487D-AB4E-365A5C2BE037}
	EndGlobalSection
EndGlobal
