
Microsoft Visual Studio Solution File, Format Version 12.00
# Visual Studio Version 17
VisualStudioVersion = 17.3.32901.215
MinimumVisualStudioVersion = 10.0.40219.1
Project("{9A19103F-16F7-4668-BE54-9A1E7A4F7556}") = "HW_3_4_Chernysh", "HW_3_3_Chernysh\HW_3_4_Chernysh.csproj", "{C2EE88C2-7466-4A8B-B167-F164646C0000}"
EndProject
Project("{FAE04EC0-301F-11D3-BF4B-00C04F79EFBC}") = "Task13", "Task13\Task13.csproj", "{BED10E8B-D66D-461E-B515-11E04540C77F}"
EndProject
Global
	GlobalSection(SolutionConfigurationPlatforms) = preSolution
		Debug|Any CPU = Debug|Any CPU
		Release|Any CPU = Release|Any CPU
	EndGlobalSection
	GlobalSection(ProjectConfigurationPlatforms) = postSolution
		{C2EE88C2-7466-4A8B-B167-F164646C0000}.Debug|Any CPU.ActiveCfg = Debug|Any CPU
		{C2EE88C2-7466-4A8B-B167-F164646C0000}.Debug|Any CPU.Build.0 = Debug|Any CPU
		{C2EE88C2-7466-4A8B-B167-F164646C0000}.Release|Any CPU.ActiveCfg = Release|Any CPU
		{C2EE88C2-7466-4A8B-B167-F164646C0000}.Release|Any CPU.Build.0 = Release|Any CPU
		{BED10E8B-D66D-461E-B515-11E04540C77F}.Debug|Any CPU.ActiveCfg = Debug|Any CPU
		{BED10E8B-D66D-461E-B515-11E04540C77F}.Debug|Any CPU.Build.0 = Debug|Any CPU
		{BED10E8B-D66D-461E-B515-11E04540C77F}.Release|Any CPU.ActiveCfg = Release|Any CPU
		{BED10E8B-D66D-461E-B515-11E04540C77F}.Release|Any CPU.Build.0 = Release|Any CPU
	EndGlobalSection
	GlobalSection(SolutionProperties) = preSolution
		HideSolutionNode = FALSE
	EndGlobalSection
	GlobalSection(ExtensibilityGlobals) = postSolution
		SolutionGuid = {2939C9F8-ABDE-42F2-B1A3-E28A97B916F1}
	EndGlobalSection
EndGlobal
